
Microsoft Visual Studio Solution File, Format Version 12.00
# Visual Studio 15
VisualStudioVersion = 15.0.28307.136
MinimumVisualStudioVersion = 10.0.40219.1
Project("{FAE04EC0-301F-11D3-BF4B-00C04F79EFBC}") = "HappyPathApi", "HappyPathApi\HappyPathApi.csproj", "{35AF2F48-EF90-4786-A4BE-58BC785C2412}"
EndProject
Project("{FAE04EC0-301F-11D3-BF4B-00C04F79EFBC}") = "HappyPathApi.UnitTests", "HappyPathApi.UnitTests\HappyPathApi.UnitTests.csproj", "{FEC0777A-150C-493F-97F6-D3134B2A0C4C}"
EndProject
Global
	GlobalSection(SolutionConfigurationPlatforms) = preSolution
		Debug|Any CPU = Debug|Any CPU
		Release|Any CPU = Release|Any CPU
	EndGlobalSection
	GlobalSection(ProjectConfigurationPlatforms) = postSolution
		{35AF2F48-EF90-4786-A4BE-58BC785C2412}.Debug|Any CPU.ActiveCfg = Debug|Any CPU
		{35AF2F48-EF90-4786-A4BE-58BC785C2412}.Debug|Any CPU.Build.0 = Debug|Any CPU
		{35AF2F48-EF90-4786-A4BE-58BC785C2412}.Release|Any CPU.ActiveCfg = Release|Any CPU
		{35AF2F48-EF90-4786-A4BE-58BC785C2412}.Release|Any CPU.Build.0 = Release|Any CPU
		{FEC0777A-150C-493F-97F6-D3134B2A0C4C}.Debug|Any CPU.ActiveCfg = Debug|Any CPU
		{FEC0777A-150C-493F-97F6-D3134B2A0C4C}.Debug|Any CPU.Build.0 = Debug|Any CPU
		{FEC0777A-150C-493F-97F6-D3134B2A0C4C}.Release|Any CPU.ActiveCfg = Release|Any CPU
		{FEC0777A-150C-493F-97F6-D3134B2A0C4C}.Release|Any CPU.Build.0 = Release|Any CPU
	EndGlobalSection
	GlobalSection(SolutionProperties) = preSolution
		HideSolutionNode = FALSE
	EndGlobalSection
	GlobalSection(ExtensibilityGlobals) = postSolution
		SolutionGuid = {75598479-9F69-4EB7-BA30-EF757B2E8C24}
	EndGlobalSection
EndGlobal
